
Microsoft Visual Studio Solution File, Format Version 12.00
# Visual Studio Version 16
VisualStudioVersion = 16.0.31424.327
MinimumVisualStudioVersion = 10.0.40219.1
Project("{FAE04EC0-301F-11D3-BF4B-00C04F79EFBC}") = "Exam", "ConsoleApp1\Exam.csproj", "{DB896A20-C35F-487F-A307-02CDDCCDCA50}"
EndProject
Project("{FAE04EC0-301F-11D3-BF4B-00C04F79EFBC}") = "UnitTestProject1", "UnitTestProject1\UnitTestProject1.csproj", "{0D63A3B9-7DF0-44DF-9430-F162E39489DC}"
EndProject
Global
	GlobalSection(SolutionConfigurationPlatforms) = preSolution
		Debug|Any CPU = Debug|Any CPU
		Release|Any CPU = Release|Any CPU
	EndGlobalSection
	GlobalSection(ProjectConfigurationPlatforms) = postSolution
		{DB896A20-C35F-487F-A307-02CDDCCDCA50}.Debug|Any CPU.ActiveCfg = Debug|Any CPU
		{DB896A20-C35F-487F-A307-02CDDCCDCA50}.Debug|Any CPU.Build.0 = Debug|Any CPU
		{DB896A20-C35F-487F-A307-02CDDCCDCA50}.Release|Any CPU.ActiveCfg = Release|Any CPU
		{DB896A20-C35F-487F-A307-02CDDCCDCA50}.Release|Any CPU.Build.0 = Release|Any CPU
		{0D63A3B9-7DF0-44DF-9430-F162E39489DC}.Debug|Any CPU.ActiveCfg = Debug|Any CPU
		{0D63A3B9-7DF0-44DF-9430-F162E39489DC}.Debug|Any CPU.Build.0 = Debug|Any CPU
		{0D63A3B9-7DF0-44DF-9430-F162E39489DC}.Release|Any CPU.ActiveCfg = Release|Any CPU
		{0D63A3B9-7DF0-44DF-9430-F162E39489DC}.Release|Any CPU.Build.0 = Release|Any CPU
	EndGlobalSection
	GlobalSection(SolutionProperties) = preSolution
		HideSolutionNode = FALSE
	EndGlobalSection
	GlobalSection(ExtensibilityGlobals) = postSolution
		SolutionGuid = {2B130215-EE4A-455D-ABA7-E8AAF0647F6A}
	EndGlobalSection
EndGlobal
